
Microsoft Visual Studio Solution File, Format Version 12.00
# Visual Studio Version 17
VisualStudioVersion = 17.14.36705.20 d17.14
MinimumVisualStudioVersion = 10.0.40219.1
Project("{8BC9CEB8-8B4A-11D0-8D11-00A0C91BC942}") = "Project1", "Project1.vcxproj", "{5FD569C6-7A37-4324-BE41-C8DF84DB33D4}"
EndProject
Global
	GlobalSection(SolutionConfigurationPlatforms) = preSolution
		Debug|x64 = Debug|x64
		Debug|x86 = Debug|x86
		Release|x64 = Release|x64
		Release|x86 = Release|x86
	EndGlobalSection
	GlobalSection(ProjectConfigurationPlatforms) = postSolution
		{5FD569C6-7A37-4324-BE41-C8DF84DB33D4}.Debug|x64.ActiveCfg = Debug|x64
		{5FD569C6-7A37-4324-BE41-C8DF84DB33D4}.Debug|x64.Build.0 = Debug|x64
		{5FD569C6-7A37-4324-BE41-C8DF84DB33D4}.Debug|x86.ActiveCfg = Debug|Win32
		{5FD569C6-7A37-4324-BE41-C8DF84DB33D4}.Debug|x86.Build.0 = Debug|Win32
		{5FD569C6-7A37-4324-BE41-C8DF84DB33D4}.Release|x64.ActiveCfg = Release|x64
		{5FD569C6-7A37-4324-BE41-C8DF84DB33D4}.Release|x64.Build.0 = Release|x64
		{5FD569C6-7A37-4324-BE41-C8DF84DB33D4}.Release|x86.ActiveCfg = Release|Win32
		{5FD569C6-7A37-4324-BE41-C8DF84DB33D4}.Release|x86.Build.0 = Release|Win32
	EndGlobalSection
	GlobalSection(SolutionProperties) = preSolution
		HideSolutionNode = FALSE
	EndGlobalSection
	GlobalSection(ExtensibilityGlobals) = postSolution
		SolutionGuid = {630D0D2F-62AF-4D84-BB31-C435E3668012}
	EndGlobalSection
EndGlobal
